
Microsoft Visual Studio Solution File, Format Version 12.00
# Visual Studio Version 17
VisualStudioVersion = 17.3.32825.248
MinimumVisualStudioVersion = 10.0.40219.1
Project("{FAE04EC0-301F-11D3-BF4B-00C04F79EFBC}") = "MoneyManagerApi", "MoneyManagerApi.csproj", "{13EB4BEC-5D4D-49FE-B722-4D199E2B46FF}"
EndProject
Global
	GlobalSection(SolutionConfigurationPlatforms) = preSolution
		Debug|Any CPU = Debug|Any CPU
		Release|Any CPU = Release|Any CPU
	EndGlobalSection
	GlobalSection(ProjectConfigurationPlatforms) = postSolution
		{13EB4BEC-5D4D-49FE-B722-4D199E2B46FF}.Debug|Any CPU.ActiveCfg = Debug|Any CPU
		{13EB4BEC-5D4D-49FE-B722-4D199E2B46FF}.Debug|Any CPU.Build.0 = Debug|Any CPU
		{13EB4BEC-5D4D-49FE-B722-4D199E2B46FF}.Release|Any CPU.ActiveCfg = Release|Any CPU
		{13EB4BEC-5D4D-49FE-B722-4D199E2B46FF}.Release|Any CPU.Build.0 = Release|Any CPU
	EndGlobalSection
	GlobalSection(SolutionProperties) = preSolution
		HideSolutionNode = FALSE
	EndGlobalSection
	GlobalSection(ExtensibilityGlobals) = postSolution
		SolutionGuid = {C03FBD88-A949-453C-B362-3919E0B26E0C}
	EndGlobalSection
EndGlobal
